// !$*UTF8*$!
{
	archiveVersion = 1;
	classes = {
	};
	objectVersion = 46;
	objects = {

/* Begin PBXBuildFile section */
		1894C1431B68D0E7006533D7 /* main.m in Sources */ = {isa = PBXBuildFile; fileRef = 1894C1421B68D0E7006533D7 /* main.m */; };
		1894C1461B68D0E7006533D7 /* AppDelegate.m in Sources */ = {isa = PBXBuildFile; fileRef = 1894C1451B68D0E7006533D7 /* AppDelegate.m */; };
		1894C1491B68D0E8006533D7 /* ViewController.m in Sources */ = {isa = PBXBuildFile; fileRef = 1894C1481B68D0E7006533D7 /* ViewController.m */; };
		1894C14C1B68D0E8006533D7 /* Main.storyboard in Resources */ = {isa = PBXBuildFile; fileRef = 1894C14A1B68D0E8006533D7 /* Main.storyboard */; };
		1894C14E1B68D0E8006533D7 /* Images.xcassets in Resources */ = {isa = PBXBuildFile; fileRef = 1894C14D1B68D0E8006533D7 /* Images.xcassets */; };
		1894C1511B68D0E8006533D7 /* LaunchScreen.xib in Resources */ = {isa = PBXBuildFile; fileRef = 1894C14F1B68D0E8006533D7 /* LaunchScreen.xib */; };
		1894C15D1B68D0E8006533D7 /* KIKeyChainTests.m in Sources */ = {isa = PBXBuildFile; fileRef = 1894C15C1B68D0E8006533D7 /* KIKeyChainTests.m */; };
		1894C1691B68D0FC006533D7 /* KIKeyChain.m in Sources */ = {isa = PBXBuildFile; fileRef = 1894C1681B68D0FC006533D7 /* KIKeyChain.m */; };
/* End PBXBuildFile section */

/* Begin PBXContainerItemProxy section */
		1894C1571B68D0E8006533D7 /* PBXContainerItemProxy */ = {
			isa = PBXContainerItemProxy;
			containerPortal = 1894C1351B68D0E7006533D7 /* Project object */;
			proxyType = 1;
			remoteGlobalIDString = 1894C13C1B68D0E7006533D7;
			remoteInfo = KIKeyChain;
		};
/* End PBXContainerItemProxy section */

/* Begin PBXFileReference section */
		1894C13D1B68D0E7006533D7 /* KIKeyChain.app */ = {isa = PBXFileReference; explicitFileType = wrapper.application; includeInIndex = 0; path = KIKeyChain.app; sourceTree = BUILT_PRODUCTS_DIR; };
		1894C1411B68D0E7006533D7 /* Info.plist */ = {isa = PBXFileReference; lastKnownFileType = text.plist.xml; path = Info.plist; sourceTree = "<group>"; };
		1894C1421B68D0E7006533D7 /* main.m */ = {isa = PBXFileReference; lastKnownFileType = sourcecode.c.objc; path = main.m; sourceTree = "<group>"; };
		1894C1441B68D0E7006533D7 /* AppDelegate.h */ = {isa = PBXFileReference; lastKnownFileType = sourcecode.c.h; path = AppDelegate.h; sourceTree = "<group>"; };
		1894C1451B68D0E7006533D7 /* AppDelegate.m */ = {isa = PBXFileReference; lastKnownFileType = sourcecode.c.objc; path = AppDelegate.m; sourceTree = "<group>"; };
		1894C1471B68D0E7006533D7 /* ViewController.h */ = {isa = PBXFileReference; lastKnownFileType = sourcecode.c.h; path = ViewController.h; sourceTree = "<group>"; };
		1894C1481B68D0E7006533D7 /* ViewController.m */ = {isa = PBXFileReference; lastKnownFileType = sourcecode.c.objc; path = ViewController.m; sourceTree = "<group>"; };
		1894C14B1B68D0E8006533D7 /* Base */ = {isa = PBXFileReference; lastKnownFileType = file.storyboard; name = Base; path = Base.lproj/Main.storyboard; sourceTree = "<group>"; };
		1894C14D1B68D0E8006533D7 /* Images.xcassets */ = {isa = PBXFileReference; lastKnownFileType = folder.assetcatalog; path = Images.xcassets; sourceTree = "<group>"; };
		1894C1501B68D0E8006533D7 /* Base */ = {isa = PBXFileReference; lastKnownFileType = file.xib; name = Base; path = Base.lproj/LaunchScreen.xib; sourceTree = "<group>"; };
		1894C1561B68D0E8006533D7 /* KIKeyChainTests.xctest */ = {isa = PBXFileReference; explicitFileType = wrapper.cfbundle; includeInIndex = 0; path = KIKeyChainTests.xctest; sourceTree = BUILT_PRODUCTS_DIR; };
		1894C15B1B68D0E8006533D7 /* Info.plist */ = {isa = PBXFileReference; lastKnownFileType = text.plist.xml; path = Info.plist; sourceTree = "<group>"; };
		1894C15C1B68D0E8006533D7 /* KIKeyChainTests.m */ = {isa = PBXFileReference; lastKnownFileType = sourcecode.c.objc; path = KIKeyChainTests.m; sourceTree = "<group>"; };
		1894C1671B68D0FC006533D7 /* KIKeyChain.h */ = {isa = PBXFileReference; fileEncoding = 4; lastKnownFileType = sourcecode.c.h; path = KIKeyChain.h; sourceTree = "<group>"; };
		1894C1681B68D0FC006533D7 /* KIKeyChain.m */ = {isa = PBXFileReference; fileEncoding = 4; lastKnownFileType = sourcecode.c.objc; path = KIKeyChain.m; sourceTree = "<group>"; };
/* End PBXFileReference section */

/* Begin PBXFrameworksBuildPhase section */
		1894C13A1B68D0E7006533D7 /* Frameworks */ = {
			isa = PBXFrameworksBuildPhase;
			buildActionMask = 2147483647;
			files = (
			);
			runOnlyForDeploymentPostprocessing = 0;
		};
		1894C1531B68D0E8006533D7 /* Frameworks */ = {
			isa = PBXFrameworksBuildPhase;
			buildActionMask = 2147483647;
			files = (
			);
			runOnlyForDeploymentPostprocessing = 0;
		};
/* End PBXFrameworksBuildPhase section */

/* Begin PBXGroup section */
		1894C1341B68D0E7006533D7 = {
			isa = PBXGroup;
			children = (
				1894C13F1B68D0E7006533D7 /* KIKeyChain */,
				1894C1591B68D0E8006533D7 /* KIKeyChainTests */,
				1894C13E1B68D0E7006533D7 /* Products */,
			);
			sourceTree = "<group>";
		};
		1894C13E1B68D0E7006533D7 /* Products */ = {
			isa = PBXGroup;
			children = (
				1894C13D1B68D0E7006533D7 /* KIKeyChain.app */,
				1894C1561B68D0E8006533D7 /* KIKeyChainTests.xctest */,
			);
			name = Products;
			sourceTree = "<group>";
		};
		1894C13F1B68D0E7006533D7 /* KIKeyChain */ = {
			isa = PBXGroup;
			children = (
				1894C1661B68D0FC006533D7 /* KIKeyChain */,
				1894C1441B68D0E7006533D7 /* AppDelegate.h */,
				1894C1451B68D0E7006533D7 /* AppDelegate.m */,
				1894C1471B68D0E7006533D7 /* ViewController.h */,
				1894C1481B68D0E7006533D7 /* ViewController.m */,
				1894C14A1B68D0E8006533D7 /* Main.storyboard */,
				1894C14D1B68D0E8006533D7 /* Images.xcassets */,
				1894C14F1B68D0E8006533D7 /* LaunchScreen.xib */,
				1894C1401B68D0E7006533D7 /* Supporting Files */,
			);
			path = KIKeyChain;
			sourceTree = "<group>";
		};
		1894C1401B68D0E7006533D7 /* Supporting Files */ = {
			isa = PBXGroup;
			children = (
				1894C1411B68D0E7006533D7 /* Info.plist */,
				1894C1421B68D0E7006533D7 /* main.m */,
			);
			name = "Supporting Files";
			sourceTree = "<group>";
		};
		1894C1591B68D0E8006533D7 /* KIKeyChainTests */ = {
			isa = PBXGroup;
			children = (
				1894C15C1B68D0E8006533D7 /* KIKeyChainTests.m */,
				1894C15A1B68D0E8006533D7 /* Supporting Files */,
			);
			path = KIKeyChainTests;
			sourceTree = "<group>";
		};
		1894C15A1B68D0E8006533D7 /* Supporting Files */ = {
			isa = PBXGroup;
			children = (
				1894C15B1B68D0E8006533D7 /* Info.plist */,
			);
			name = "Supporting Files";
			sourceTree = "<group>";
		};
		1894C1661B68D0FC006533D7 /* KIKeyChain */ = {
			isa = PBXGroup;
			children = (
				1894C1671B68D0FC006533D7 /* KIKeyChain.h */,
				1894C1681B68D0FC006533D7 /* KIKeyChain.m */,
			);
			path = KIKeyChain;
			sourceTree = "<group>";
		};
/* End PBXGroup section */

/* Begin PBXNativeTarget section */
		1894C13C1B68D0E7006533D7 /* KIKeyChain */ = {
			isa = PBXNativeTarget;
			buildConfigurationList = 1894C1601B68D0E8006533D7 /* Build configuration list for PBXNativeTarget "KIKeyChain" */;
			buildPhases = (
				1894C1391B68D0E7006533D7 /* Sources */,
				1894C13A1B68D0E7006533D7 /* Frameworks */,
				1894C13B1B68D0E7006533D7 /* Resources */,
			);
			buildRules = (
			);
			dependencies = (
			);
			name = KIKeyChain;
			productName = KIKeyChain;
			productReference = 1894C13D1B68D0E7006533D7 /* KIKeyChain.app */;
			productType = "com.apple.product-type.application";
		};
		1894C1551B68D0E8006533D7 /* KIKeyChainTests */ = {
			isa = PBXNativeTarget;
			buildConfigurationList = 1894C1631B68D0E8006533D7 /* Build configuration list for PBXNativeTarget "KIKeyChainTests" */;
			buildPhases = (
				1894C1521B68D0E8006533D7 /* Sources */,
				1894C1531B68D0E8006533D7 /* Frameworks */,
				1894C1541B68D0E8006533D7 /* Resources */,
			);
			buildRules = (
			);
			dependencies = (
				1894C1581B68D0E8006533D7 /* PBXTargetDependency */,
			);
			name = KIKeyChainTests;
			productName = KIKeyChainTests;
			productReference = 1894C1561B68D0E8006533D7 /* KIKeyChainTests.xctest */;
			productType = "com.apple.product-type.bundle.unit-test";
		};
/* End PBXNativeTarget section */

/* Begin PBXProject section */
		1894C1351B68D0E7006533D7 /* Project object */ = {
			isa = PBXProject;
			attributes = {
				LastUpgradeCheck = 0620;
				ORGANIZATIONNAME = smartwalle;
				TargetAttributes = {
					1894C13C1B68D0E7006533D7 = {
						CreatedOnToolsVersion = 6.2;
					};
					1894C1551B68D0E8006533D7 = {
						CreatedOnToolsVersion = 6.2;
						TestTargetID = 1894C13C1B68D0E7006533D7;
					};
				};
			};
			buildConfigurationList = 1894C1381B68D0E7006533D7 /* Build configuration list for PBXProject "KIKeyChain" */;
			compatibilityVersion = "Xcode 3.2";
			developmentRegion = English;
			hasScannedForEncodings = 0;
			knownRegions = (
				en,
				Base,
			);
			mainGroup = 1894C1341B68D0E7006533D7;
			productRefGroup = 1894C13E1B68D0E7006533D7 /* Products */;
			projectDirPath = "";
			projectRoot = "";
			targets = (
				1894C13C1B68D0E7006533D7 /* KIKeyChain */,
				1894C1551B68D0E8006533D7 /* KIKeyChainTests */,
			);
		};
/* End PBXProject section */

/* Begin PBXResourcesBuildPhase section */
		1894C13B1B68D0E7006533D7 /* Resources */ = {
			isa = PBXResourcesBuildPhase;
			buildActionMask = 2147483647;
			files = (
				1894C14C1B68D0E8006533D7 /* Main.storyboard in Resources */,
				1894C1511B68D0E8006533D7 /* LaunchScreen.xib in Resources */,
				1894C14E1B68D0E8006533D7 /* Images.xcassets in Resources */,
			);
			runOnlyForDeploymentPostprocessing = 0;
		};
		1894C1541B68D0E8006533D7 /* Resources */ = {
			isa = PBXResourcesBuildPhase;
			buildActionMask = 2147483647;
			files = (
			);
			runOnlyForDeploymentPostprocessing = 0;
		};
/* End PBXResourcesBuildPhase section */

/* Begin PBXSourcesBuildPhase section */
		1894C1391B68D0E7006533D7 /* Sources */ = {
			isa = PBXSourcesBuildPhase;
			buildActionMask = 2147483647;
			files = (
				1894C1491B68D0E8006533D7 /* ViewController.m in Sources */,
				1894C1461B68D0E7006533D7 /* AppDelegate.m in Sources */,
				1894C1431B68D0E7006533D7 /* main.m in Sources */,
				1894C1691B68D0FC006533D7 /* KIKeyChain.m in Sources */,
			);
			runOnlyForDeploymentPostprocessing = 0;
		};
		1894C1521B68D0E8006533D7 /* Sources */ = {
			isa = PBXSourcesBuildPhase;
			buildActionMask = 2147483647;
			files = (
				1894C15D1B68D0E8006533D7 /* KIKeyChainTests.m in Sources */,
			);
			runOnlyForDeploymentPostprocessing = 0;
		};
/* End PBXSourcesBuildPhase section */

/* Begin PBXTargetDependency section */
		1894C1581B68D0E8006533D7 /* PBXTargetDependency */ = {
			isa = PBXTargetDependency;
			target = 1894C13C1B68D0E7006533D7 /* KIKeyChain */;
			targetProxy = 1894C1571B68D0E8006533D7 /* PBXContainerItemProxy */;
		};
/* End PBXTargetDependency section */

/* Begin PBXVariantGroup section */
		1894C14A1B68D0E8006533D7 /* Main.storyboard */ = {
			isa = PBXVariantGroup;
			children = (
				1894C14B1B68D0E8006533D7 /* Base */,
			);
			name = Main.storyboard;
			sourceTree = "<group>";
		};
		1894C14F1B68D0E8006533D7 /* LaunchScreen.xib */ = {
			isa = PBXVariantGroup;
			children = (
				1894C1501B68D0E8006533D7 /* Base */,
			);
			name = LaunchScreen.xib;
			sourceTree = "<group>";
		};
/* End PBXVariantGroup section */

/* Begin XCBuildConfiguration section */
		1894C15E1B68D0E8006533D7 /* Debug */ = {
			isa = XCBuildConfiguration;
			buildSettings = {
				ALWAYS_SEARCH_USER_PATHS = NO;
				CLANG_CXX_LANGUAGE_STANDARD = "gnu++0x";
				CLANG_CXX_LIBRARY = "libc++";
				CLANG_ENABLE_MODULES = YES;
				CLANG_ENABLE_OBJC_ARC = YES;
				CLANG_WARN_BOOL_CONVERSION = YES;
				CLANG_WARN_CONSTANT_CONVERSION = YES;
				CLANG_WARN_DIRECT_OBJC_ISA_USAGE = YES_ERROR;
				CLANG_WARN_EMPTY_BODY = YES;
				CLANG_WARN_ENUM_CONVERSION = YES;
				CLANG_WARN_INT_CONVERSION = YES;
				CLANG_WARN_OBJC_ROOT_CLASS = YES_ERROR;
				CLANG_WARN_UNREACHABLE_CODE = YES;
				CLANG_WARN__DUPLICATE_METHOD_MATCH = YES;
				"CODE_SIGN_IDENTITY[sdk=iphoneos*]" = "iPhone Developer";
				COPY_PHASE_STRIP = NO;
				ENABLE_STRICT_OBJC_MSGSEND = YES;
				GCC_C_LANGUAGE_STANDARD = gnu99;
				GCC_DYNAMIC_NO_PIC = NO;
				GCC_OPTIMIZATION_LEVEL = 0;
				GCC_PREPROCESSOR_DEFINITIONS = (
					"DEBUG=1",
					"$(inherited)",
				);
				GCC_SYMBOLS_PRIVATE_EXTERN = NO;
				GCC_WARN_64_TO_32_BIT_CONVERSION = YES;
				GCC_WARN_ABOUT_RETURN_TYPE = YES_ERROR;
				GCC_WARN_UNDECLARED_SELECTOR = YES;
				GCC_WARN_UNINITIALIZED_AUTOS = YES_AGGRESSIVE;
				GCC_WARN_UNUSED_FUNCTION = YES;
				GCC_WARN_UNUSED_VARIABLE = YES;
				IPHONEOS_DEPLOYMENT_TARGET = 8.2;
				MTL_ENABLE_DEBUG_INFO = YES;
				ONLY_ACTIVE_ARCH = YES;
				SDKROOT = iphoneos;
			};
			name = Debug;
		};
		1894C15F1B68D0E8006533D7 /* Release */ = {
			isa = XCBuildConfiguration;
			buildSettings = {
				ALWAYS_SEARCH_USER_PATHS = NO;
				CLANG_CXX_LANGUAGE_STANDARD = "gnu++0x";
				CLANG_CXX_LIBRARY = "libc++";
				CLANG_ENABLE_MODULES = YES;
				CLANG_ENABLE_OBJC_ARC = YES;
				CLANG_WARN_BOOL_CONVERSION = YES;
				CLANG_WARN_CONSTANT_CONVERSION = YES;
				CLANG_WARN_DIRECT_OBJC_ISA_USAGE = YES_ERROR;
				CLANG_WARN_EMPTY_BODY = YES;
				CLANG_WARN_ENUM_CONVERSION = YES;
				CLANG_WARN_INT_CONVERSION = YES;
				CLANG_WARN_OBJC_ROOT_CLASS = YES_ERROR;
				CLANG_WARN_UNREACHABLE_CODE = YES;
				CLANG_WARN__DUPLICATE_METHOD_MATCH = YES;
				"CODE_SIGN_IDENTITY[sdk=iphoneos*]" = "iPhone Developer";
				COPY_PHASE_STRIP = NO;
				ENABLE_NS_ASSERTIONS = NO;
				ENABLE_STRICT_OBJC_MSGSEND = YES;
				GCC_C_LANGUAGE_STANDARD = gnu99;
				GCC_WARN_64_TO_32_BIT_CONVERSION = YES;
				GCC_WARN_ABOUT_RETURN_TYPE = YES_ERROR;
				GCC_WARN_UNDECLARED_SELECTOR = YES;
				GCC_WARN_UNINITIALIZED_AUTOS = YES_AGGRESSIVE;
				GCC_WARN_UNUSED_FUNCTION = YES;
				GCC_WARN_UNUSED_VARIABLE = YES;
				IPHONEOS_DEPLOYMENT_TARGET = 8.2;
				MTL_ENABLE_DEBUG_INFO = NO;
				SDKROOT = iphoneos;
				VALIDATE_PRODUCT = YES;
			};
			name = Release;
		};
		1894C1611B68D0E8006533D7 /* Debug */ = {
			isa = XCBuildConfiguration;
			buildSettings = {
				ASSETCATALOG_COMPILER_APPICON_NAME = AppIcon;
				INFOPLIST_FILE = KIKeyChain/Info.plist;
				LD_RUNPATH_SEARCH_PATHS = "$(inherited) @executable_path/Frameworks";
				PRODUCT_NAME = "$(TARGET_NAME)";
			};
			name = Debug;
		};
		1894C1621B68D0E8006533D7 /* Release */ = {
			isa = XCBuildConfiguration;
			buildSettings = {
				ASSETCATALOG_COMPILER_APPICON_NAME = AppIcon;
				INFOPLIST_FILE = KIKeyChain/Info.plist;
				LD_RUNPATH_SEARCH_PATHS = "$(inherited) @executable_path/Frameworks";
				PRODUCT_NAME = "$(TARGET_NAME)";
			};
			name = Release;
		};
		1894C1641B68D0E8006533D7 /* Debug */ = {
			isa = XCBuildConfiguration;
			buildSettings = {
				BUNDLE_LOADER = "$(TEST_HOST)";
				FRAMEWORK_SEARCH_PATHS = (
					"$(SDKROOT)/Developer/Library/Frameworks",
					"$(inherited)",
				);
				GCC_PREPROCESSOR_DEFINITIONS = (
					"DEBUG=1",
					"$(inherited)",
				);
				INFOPLIST_FILE = KIKeyChainTests/Info.plist;
				LD_RUNPATH_SEARCH_PATHS = "$(inherited) @executable_path/Frameworks @loader_path/Frameworks";
				PRODUCT_NAME = "$(TARGET_NAME)";
				TEST_HOST = "$(BUILT_PRODUCTS_DIR)/KIKeyChain.app/KIKeyChain";
			};
			name = Debug;
		};
		1894C1651B68D0E8006533D7 /* Release */ = {
			isa = XCBuildConfiguration;
			buildSettings = {
				BUNDLE_LOADER = "$(TEST_HOST)";
				FRAMEWORK_SEARCH_PATHS = (
					"$(SDKROOT)/Developer/Library/Frameworks",
					"$(inherited)",
				);
				INFOPLIST_FILE = KIKeyChainTests/Info.plist;
				LD_RUNPATH_SEARCH_PATHS = "$(inherited) @executable_path/Frameworks @loader_path/Frameworks";
				PRODUCT_NAME = "$(TARGET_NAME)";
				TEST_HOST = "$(BUILT_PRODUCTS_DIR)/KIKeyChain.app/KIKeyChain";
			};
			name = Release;
		};
/* End XCBuildConfiguration section */

/* Begin XCConfigurationList section */
		1894C1381B68D0E7006533D7 /* Build configuration list for PBXProject "KIKeyChain" */ = {
			isa = XCConfigurationList;
			buildConfigurations = (
				1894C15E1B68D0E8006533D7 /* Debug */,
				1894C15F1B68D0E8006533D7 /* Release */,
			);
			defaultConfigurationIsVisible = 0;
			defaultConfigurationName = Release;
		};
		1894C1601B68D0E8006533D7 /* Build configuration list for PBXNativeTarget "KIKeyChain" */ = {
			isa = XCConfigurationList;
			buildConfigurations = (
				1894C1611B68D0E8006533D7 /* Debug */,
				1894C1621B68D0E8006533D7 /* Release */,
			);
			defaultConfigurationIsVisible = 0;
		};
		1894C1631B68D0E8006533D7 /* Build configuration list for PBXNativeTarget "KIKeyChainTests" */ = {
			isa = XCConfigurationList;
			buildConfigurations = (
				1894C1641B68D0E8006533D7 /* Debug */,
				1894C1651B68D0E8006533D7 /* Release */,
			);
			defaultConfigurationIsVisible = 0;
		};
/* End XCConfigurationList section */
	};
	rootObject = 1894C1351B68D0E7006533D7 /* Project object */;
}
